
Microsoft Visual Studio Solution File, Format Version 12.00
# Visual Studio Version 17
VisualStudioVersion = 17.0.31903.59
MinimumVisualStudioVersion = 10.0.40219.1
Project("{2150E333-8FDC-42A3-9474-1A3956D46DE8}") = "src", "src", "{827E0CD3-B72D-47B6-A68D-7590B98EB39B}"
EndProject
Project("{2150E333-8FDC-42A3-9474-1A3956D46DE8}") = "BuildingBlocks", "BuildingBlocks", "{90298CBA-BD6F-3A0A-69D5-97CAD7B05E7E}"
EndProject
Project("{2150E333-8FDC-42A3-9474-1A3956D46DE8}") = "Contracts", "Contracts", "{6A36946C-4F06-BE70-24E6-0B0F125A7F9F}"
EndProject
Project("{FAE04EC0-301F-11D3-BF4B-00C04F79EFBC}") = "Microservices.Communication.Sample.Contracts", "src\BuildingBlocks\Contracts\Microservices.Communication.Sample.Contracts.csproj", "{7EC269C3-0AE9-4515-A3B7-6E3C537AE199}"
EndProject
Project("{2150E333-8FDC-42A3-9474-1A3956D46DE8}") = "Services", "Services", "{984BB9B3-3FA3-BE33-9484-CAC21695A33C}"
EndProject
Project("{2150E333-8FDC-42A3-9474-1A3956D46DE8}") = "Service1", "Service1", "{1F02A240-6FB7-E086-B746-D6904A1E33F6}"
EndProject
Project("{2150E333-8FDC-42A3-9474-1A3956D46DE8}") = "Domain", "Domain", "{E0C83F2E-2DB5-B0F7-1553-B80A0C8B9D47}"
EndProject
Project("{FAE04EC0-301F-11D3-BF4B-00C04F79EFBC}") = "Microservices.Communication.Sample.Service1.Domain", "src\Services\Service1\Domain\Microservices.Communication.Sample.Service1.Domain.csproj", "{A092AA09-6000-4E58-A5DE-62975CFD62D2}"
EndProject
Project("{2150E333-8FDC-42A3-9474-1A3956D46DE8}") = "Application", "Application", "{7701D6AE-CF68-EF5F-1483-974A702E6F70}"
EndProject
Project("{FAE04EC0-301F-11D3-BF4B-00C04F79EFBC}") = "Microservices.Communication.Sample.Service1.Application", "src\Services\Service1\Application\Microservices.Communication.Sample.Service1.Application.csproj", "{354E592A-26DF-491A-A685-603D72BEBB87}"
EndProject
Project("{2150E333-8FDC-42A3-9474-1A3956D46DE8}") = "Infrastructure", "Infrastructure", "{B1302B45-6D95-136E-BC8A-34BE81130FB4}"
EndProject
Project("{FAE04EC0-301F-11D3-BF4B-00C04F79EFBC}") = "Microservices.Communication.Sample.Service1.Infrastructure", "src\Services\Service1\Infrastructure\Microservices.Communication.Sample.Service1.Infrastructure.csproj", "{C5CABB47-BCCC-4B98-93F1-3A3A050B8179}"
EndProject
Project("{2150E333-8FDC-42A3-9474-1A3956D46DE8}") = "Api", "Api", "{B3158BD3-6840-5C59-2928-10C78618482A}"
EndProject
Project("{FAE04EC0-301F-11D3-BF4B-00C04F79EFBC}") = "Microservices.Communication.Sample.Service1.Api", "src\Services\Service1\Api\Microservices.Communication.Sample.Service1.Api.csproj", "{7785BB5D-7AED-47FA-AEF9-FA89F173A968}"
EndProject
Global
	GlobalSection(SolutionConfigurationPlatforms) = preSolution
		Debug|Any CPU = Debug|Any CPU
		Debug|x64 = Debug|x64
		Debug|x86 = Debug|x86
		Release|Any CPU = Release|Any CPU
		Release|x64 = Release|x64
		Release|x86 = Release|x86
	EndGlobalSection
	GlobalSection(ProjectConfigurationPlatforms) = postSolution
		{7EC269C3-0AE9-4515-A3B7-6E3C537AE199}.Debug|Any CPU.ActiveCfg = Debug|Any CPU
		{7EC269C3-0AE9-4515-A3B7-6E3C537AE199}.Debug|Any CPU.Build.0 = Debug|Any CPU
		{7EC269C3-0AE9-4515-A3B7-6E3C537AE199}.Debug|x64.ActiveCfg = Debug|Any CPU
		{7EC269C3-0AE9-4515-A3B7-6E3C537AE199}.Debug|x64.Build.0 = Debug|Any CPU
		{7EC269C3-0AE9-4515-A3B7-6E3C537AE199}.Debug|x86.ActiveCfg = Debug|Any CPU
		{7EC269C3-0AE9-4515-A3B7-6E3C537AE199}.Debug|x86.Build.0 = Debug|Any CPU
		{7EC269C3-0AE9-4515-A3B7-6E3C537AE199}.Release|Any CPU.ActiveCfg = Release|Any CPU
		{7EC269C3-0AE9-4515-A3B7-6E3C537AE199}.Release|Any CPU.Build.0 = Release|Any CPU
		{7EC269C3-0AE9-4515-A3B7-6E3C537AE199}.Release|x64.ActiveCfg = Release|Any CPU
		{7EC269C3-0AE9-4515-A3B7-6E3C537AE199}.Release|x64.Build.0 = Release|Any CPU
		{7EC269C3-0AE9-4515-A3B7-6E3C537AE199}.Release|x86.ActiveCfg = Release|Any CPU
		{7EC269C3-0AE9-4515-A3B7-6E3C537AE199}.Release|x86.Build.0 = Release|Any CPU
		{A092AA09-6000-4E58-A5DE-62975CFD62D2}.Debug|Any CPU.ActiveCfg = Debug|Any CPU
		{A092AA09-6000-4E58-A5DE-62975CFD62D2}.Debug|Any CPU.Build.0 = Debug|Any CPU
		{A092AA09-6000-4E58-A5DE-62975CFD62D2}.Debug|x64.ActiveCfg = Debug|Any CPU
		{A092AA09-6000-4E58-A5DE-62975CFD62D2}.Debug|x64.Build.0 = Debug|Any CPU
		{A092AA09-6000-4E58-A5DE-62975CFD62D2}.Debug|x86.ActiveCfg = Debug|Any CPU
		{A092AA09-6000-4E58-A5DE-62975CFD62D2}.Debug|x86.Build.0 = Debug|Any CPU
		{A092AA09-6000-4E58-A5DE-62975CFD62D2}.Release|Any CPU.ActiveCfg = Release|Any CPU
		{A092AA09-6000-4E58-A5DE-62975CFD62D2}.Release|Any CPU.Build.0 = Release|Any CPU
		{A092AA09-6000-4E58-A5DE-62975CFD62D2}.Release|x64.ActiveCfg = Release|Any CPU
		{A092AA09-6000-4E58-A5DE-62975CFD62D2}.Release|x64.Build.0 = Release|Any CPU
		{A092AA09-6000-4E58-A5DE-62975CFD62D2}.Release|x86.ActiveCfg = Release|Any CPU
		{A092AA09-6000-4E58-A5DE-62975CFD62D2}.Release|x86.Build.0 = Release|Any CPU
		{354E592A-26DF-491A-A685-603D72BEBB87}.Debug|Any CPU.ActiveCfg = Debug|Any CPU
		{354E592A-26DF-491A-A685-603D72BEBB87}.Debug|Any CPU.Build.0 = Debug|Any CPU
		{354E592A-26DF-491A-A685-603D72BEBB87}.Debug|x64.ActiveCfg = Debug|Any CPU
		{354E592A-26DF-491A-A685-603D72BEBB87}.Debug|x64.Build.0 = Debug|Any CPU
		{354E592A-26DF-491A-A685-603D72BEBB87}.Debug|x86.ActiveCfg = Debug|Any CPU
		{354E592A-26DF-491A-A685-603D72BEBB87}.Debug|x86.Build.0 = Debug|Any CPU
		{354E592A-26DF-491A-A685-603D72BEBB87}.Release|Any CPU.ActiveCfg = Release|Any CPU
		{354E592A-26DF-491A-A685-603D72BEBB87}.Release|Any CPU.Build.0 = Release|Any CPU
		{354E592A-26DF-491A-A685-603D72BEBB87}.Release|x64.ActiveCfg = Release|Any CPU
		{354E592A-26DF-491A-A685-603D72BEBB87}.Release|x64.Build.0 = Release|Any CPU
		{354E592A-26DF-491A-A685-603D72BEBB87}.Release|x86.ActiveCfg = Release|Any CPU
		{354E592A-26DF-491A-A685-603D72BEBB87}.Release|x86.Build.0 = Release|Any CPU
		{C5CABB47-BCCC-4B98-93F1-3A3A050B8179}.Debug|Any CPU.ActiveCfg = Debug|Any CPU
		{C5CABB47-BCCC-4B98-93F1-3A3A050B8179}.Debug|Any CPU.Build.0 = Debug|Any CPU
		{C5CABB47-BCCC-4B98-93F1-3A3A050B8179}.Debug|x64.ActiveCfg = Debug|Any CPU
		{C5CABB47-BCCC-4B98-93F1-3A3A050B8179}.Debug|x64.Build.0 = Debug|Any CPU
		{C5CABB47-BCCC-4B98-93F1-3A3A050B8179}.Debug|x86.ActiveCfg = Debug|Any CPU
		{C5CABB47-BCCC-4B98-93F1-3A3A050B8179}.Debug|x86.Build.0 = Debug|Any CPU
		{C5CABB47-BCCC-4B98-93F1-3A3A050B8179}.Release|Any CPU.ActiveCfg = Release|Any CPU
		{C5CABB47-BCCC-4B98-93F1-3A3A050B8179}.Release|Any CPU.Build.0 = Release|Any CPU
		{C5CABB47-BCCC-4B98-93F1-3A3A050B8179}.Release|x64.ActiveCfg = Release|Any CPU
		{C5CABB47-BCCC-4B98-93F1-3A3A050B8179}.Release|x64.Build.0 = Release|Any CPU
		{C5CABB47-BCCC-4B98-93F1-3A3A050B8179}.Release|x86.ActiveCfg = Release|Any CPU
		{C5CABB47-BCCC-4B98-93F1-3A3A050B8179}.Release|x86.Build.0 = Release|Any CPU
		{7785BB5D-7AED-47FA-AEF9-FA89F173A968}.Debug|Any CPU.ActiveCfg = Debug|Any CPU
		{7785BB5D-7AED-47FA-AEF9-FA89F173A968}.Debug|Any CPU.Build.0 = Debug|Any CPU
		{7785BB5D-7AED-47FA-AEF9-FA89F173A968}.Debug|x64.ActiveCfg = Debug|Any CPU
		{7785BB5D-7AED-47FA-AEF9-FA89F173A968}.Debug|x64.Build.0 = Debug|Any CPU
		{7785BB5D-7AED-47FA-AEF9-FA89F173A968}.Debug|x86.ActiveCfg = Debug|Any CPU
		{7785BB5D-7AED-47FA-AEF9-FA89F173A968}.Debug|x86.Build.0 = Debug|Any CPU
		{7785BB5D-7AED-47FA-AEF9-FA89F173A968}.Release|Any CPU.ActiveCfg = Release|Any CPU
		{7785BB5D-7AED-47FA-AEF9-FA89F173A968}.Release|Any CPU.Build.0 = Release|Any CPU
		{7785BB5D-7AED-47FA-AEF9-FA89F173A968}.Release|x64.ActiveCfg = Release|Any CPU
		{7785BB5D-7AED-47FA-AEF9-FA89F173A968}.Release|x64.Build.0 = Release|Any CPU
		{7785BB5D-7AED-47FA-AEF9-FA89F173A968}.Release|x86.ActiveCfg = Release|Any CPU
		{7785BB5D-7AED-47FA-AEF9-FA89F173A968}.Release|x86.Build.0 = Release|Any CPU
	EndGlobalSection
	GlobalSection(SolutionProperties) = preSolution
		HideSolutionNode = FALSE
	EndGlobalSection
	GlobalSection(NestedProjects) = preSolution
		{90298CBA-BD6F-3A0A-69D5-97CAD7B05E7E} = {827E0CD3-B72D-47B6-A68D-7590B98EB39B}
		{6A36946C-4F06-BE70-24E6-0B0F125A7F9F} = {90298CBA-BD6F-3A0A-69D5-97CAD7B05E7E}
		{7EC269C3-0AE9-4515-A3B7-6E3C537AE199} = {6A36946C-4F06-BE70-24E6-0B0F125A7F9F}
		{984BB9B3-3FA3-BE33-9484-CAC21695A33C} = {827E0CD3-B72D-47B6-A68D-7590B98EB39B}
		{1F02A240-6FB7-E086-B746-D6904A1E33F6} = {984BB9B3-3FA3-BE33-9484-CAC21695A33C}
		{E0C83F2E-2DB5-B0F7-1553-B80A0C8B9D47} = {1F02A240-6FB7-E086-B746-D6904A1E33F6}
		{A092AA09-6000-4E58-A5DE-62975CFD62D2} = {E0C83F2E-2DB5-B0F7-1553-B80A0C8B9D47}
		{7701D6AE-CF68-EF5F-1483-974A702E6F70} = {1F02A240-6FB7-E086-B746-D6904A1E33F6}
		{354E592A-26DF-491A-A685-603D72BEBB87} = {7701D6AE-CF68-EF5F-1483-974A702E6F70}
		{B1302B45-6D95-136E-BC8A-34BE81130FB4} = {1F02A240-6FB7-E086-B746-D6904A1E33F6}
		{C5CABB47-BCCC-4B98-93F1-3A3A050B8179} = {B1302B45-6D95-136E-BC8A-34BE81130FB4}
		{B3158BD3-6840-5C59-2928-10C78618482A} = {1F02A240-6FB7-E086-B746-D6904A1E33F6}
		{7785BB5D-7AED-47FA-AEF9-FA89F173A968} = {B3158BD3-6840-5C59-2928-10C78618482A}
	EndGlobalSection
EndGlobal
